#MicroXplorer Configuration settings - do not modify
CAD.formats=
CAD.pinconfig=
CAD.provider=
CORTEX_M7.IPParameters=default_mode_Activation
CORTEX_M7.default_mode_Activation=1
FDCAN1.AutoRetransmission=ENABLE
FDCAN1.CalculateBaudRateNominal=1000000
FDCAN1.CalculateTimeBitNominal=1000
FDCAN1.CalculateTimeQuantumNominal=200.0
FDCAN1.DataSyncJumpWidth=2
FDCAN1.DataTimeSeg1=13
FDCAN1.DataTimeSeg2=2
FDCAN1.ExtFiltersNbr=4
FDCAN1.IPParameters=CalculateTimeQuantumNominal,CalculateTimeBitNominal,CalculateBaudRateNominal,AutoRetransmission,NominalPrescaler,NominalTimeSeg1,NominalTimeSeg2,ProtocolException,NominalSyncJumpWidth,DataSyncJumpWidth,DataTimeSeg1,DataTimeSeg2,StdFiltersNbr,ExtFiltersNbr,RxFifo0ElmtsNbr,RxFifo1ElmtsNbr,RxBuffersNbr,TxEventsNbr,TxBuffersNbr,TxFifoQueueElmtsNbr
FDCAN1.NominalPrescaler=5
FDCAN1.NominalSyncJumpWidth=20
FDCAN1.NominalTimeSeg1=2
FDCAN1.NominalTimeSeg2=2
FDCAN1.ProtocolException=ENABLE
FDCAN1.RxBuffersNbr=2
FDCAN1.RxFifo0ElmtsNbr=8
FDCAN1.RxFifo1ElmtsNbr=2
FDCAN1.StdFiltersNbr=4
FDCAN1.TxBuffersNbr=8
FDCAN1.TxEventsNbr=8
FDCAN1.TxFifoQueueElmtsNbr=8
FDCAN2.AutoRetransmission=ENABLE
FDCAN2.CalculateBaudRateNominal=1000000
FDCAN2.CalculateTimeBitNominal=1000
FDCAN2.CalculateTimeQuantumNominal=200.0
FDCAN2.DataSyncJumpWidth=2
FDCAN2.DataTimeSeg1=13
FDCAN2.ExtFiltersNbr=4
FDCAN2.IPParameters=CalculateTimeQuantumNominal,CalculateTimeBitNominal,CalculateBaudRateNominal,AutoRetransmission,NominalPrescaler,ProtocolException,NominalSyncJumpWidth,DataSyncJumpWidth,DataTimeSeg1,MessageRAMOffset,StdFiltersNbr,ExtFiltersNbr,RxFifo0ElmtsNbr,RxFifo1ElmtsNbr,RxBuffersNbr,TxEventsNbr,TxBuffersNbr,TxFifoQueueElmtsNbr
FDCAN2.MessageRAMOffset=0x406
FDCAN2.NominalPrescaler=5
FDCAN2.NominalSyncJumpWidth=20
FDCAN2.ProtocolException=ENABLE
FDCAN2.RxBuffersNbr=3
FDCAN2.RxFifo0ElmtsNbr=8
FDCAN2.RxFifo1ElmtsNbr=8
FDCAN2.StdFiltersNbr=4
FDCAN2.TxBuffersNbr=8
FDCAN2.TxEventsNbr=8
FDCAN2.TxFifoQueueElmtsNbr=8
FDCAN3.AutoRetransmission=DISABLE
FDCAN3.CalculateBaudRateNominal=1000000
FDCAN3.CalculateTimeBitNominal=1000
FDCAN3.CalculateTimeQuantumNominal=200.0
FDCAN3.DataSyncJumpWidth=2
FDCAN3.DataTimeSeg1=13
FDCAN3.DataTimeSeg2=2
FDCAN3.ExtFiltersNbr=4
FDCAN3.IPParameters=CalculateTimeQuantumNominal,CalculateTimeBitNominal,CalculateBaudRateNominal,AutoRetransmission,NominalPrescaler,ProtocolException,NominalSyncJumpWidth,DataSyncJumpWidth,DataTimeSeg1,DataTimeSeg2,MessageRAMOffset,StdFiltersNbr,ExtFiltersNbr,RxFifo0ElmtsNbr,RxFifo1ElmtsNbr,RxBuffersNbr,TxEventsNbr,TxBuffersNbr,TxFifoQueueElmtsNbr
FDCAN3.MessageRAMOffset=0x812
FDCAN3.NominalPrescaler=5
FDCAN3.NominalSyncJumpWidth=20
FDCAN3.ProtocolException=DISABLE
FDCAN3.RxBuffersNbr=2
FDCAN3.RxFifo0ElmtsNbr=8
FDCAN3.RxFifo1ElmtsNbr=8
FDCAN3.StdFiltersNbr=4
FDCAN3.TxBuffersNbr=8
FDCAN3.TxEventsNbr=8
FDCAN3.TxFifoQueueElmtsNbr=8
File.Version=6
GPIO.groupedBy=Group By Peripherals
KeepUserPlacement=false
Mcu.CPN=STM32H730VBT6
Mcu.Family=STM32H7
Mcu.IP0=CORTEX_M7
Mcu.IP1=DEBUG
Mcu.IP2=FDCAN1
Mcu.IP3=FDCAN2
Mcu.IP4=FDCAN3
Mcu.IP5=NVIC
Mcu.IP6=RCC
Mcu.IP7=SYS
Mcu.IP8=TIM4
Mcu.IPNb=9
Mcu.Name=STM32H730VBTx
Mcu.Package=LQFP100
Mcu.Pin0=PC14-OSC32_IN
Mcu.Pin1=PC15-OSC32_OUT
Mcu.Pin10=PD14
Mcu.Pin11=PD15
Mcu.Pin12=PC7
Mcu.Pin13=PC9
Mcu.Pin14=PA13(JTMS/SWDIO)
Mcu.Pin15=PA14(JTCK/SWCLK)
Mcu.Pin16=PC10
Mcu.Pin17=PD1
Mcu.Pin18=PB5
Mcu.Pin19=PB6
Mcu.Pin2=PH0-OSC_IN
Mcu.Pin20=PB8
Mcu.Pin21=PB9
Mcu.Pin22=VP_SYS_VS_Systick
Mcu.Pin3=PH1-OSC_OUT
Mcu.Pin4=PC0
Mcu.Pin5=PC2_C
Mcu.Pin6=PA6
Mcu.Pin7=PB2
Mcu.Pin8=PD12
Mcu.Pin9=PD13
Mcu.PinsNb=23
Mcu.ThirdPartyNb=0
Mcu.UserConstants=
Mcu.UserName=STM32H730VBTx
MxCube.Version=6.11.1
MxDb.Version=DB.6.0.111
NVIC.BusFault_IRQn=true\:0\:0\:false\:false\:true\:false\:false\:false
NVIC.DebugMonitor_IRQn=true\:0\:0\:false\:false\:true\:false\:false\:false
NVIC.EXTI1_IRQn=true\:0\:0\:false\:false\:true\:true\:true\:true
NVIC.FDCAN1_IT0_IRQn=true\:0\:0\:false\:false\:true\:true\:true\:true
NVIC.FDCAN1_IT1_IRQn=true\:0\:0\:false\:false\:true\:true\:true\:true
NVIC.FDCAN2_IT0_IRQn=true\:0\:0\:false\:false\:true\:true\:true\:true
NVIC.FDCAN2_IT1_IRQn=true\:0\:0\:false\:false\:true\:true\:true\:true
NVIC.FDCAN3_IT0_IRQn=true\:0\:0\:false\:false\:true\:true\:true\:true
NVIC.FDCAN3_IT1_IRQn=true\:0\:0\:false\:false\:true\:true\:true\:true
NVIC.ForceEnableDMAVector=true
NVIC.HardFault_IRQn=true\:0\:0\:false\:false\:true\:false\:false\:false
NVIC.MemoryManagement_IRQn=true\:0\:0\:false\:false\:true\:false\:false\:false
NVIC.NonMaskableInt_IRQn=true\:0\:0\:false\:false\:true\:false\:false\:false
NVIC.PendSV_IRQn=true\:0\:0\:false\:false\:true\:false\:false\:false
NVIC.PriorityGroup=NVIC_PRIORITYGROUP_4
NVIC.SVCall_IRQn=true\:0\:0\:false\:false\:true\:false\:false\:false
NVIC.SysTick_IRQn=true\:15\:0\:false\:false\:true\:false\:true\:false
NVIC.UsageFault_IRQn=true\:0\:0\:false\:false\:true\:false\:false\:false
PA13(JTMS/SWDIO).Mode=Serial_Wire
PA13(JTMS/SWDIO).Signal=DEBUG_JTMS-SWDIO
PA14(JTCK/SWCLK).Mode=Serial_Wire
PA14(JTCK/SWCLK).Signal=DEBUG_JTCK-SWCLK
PA6.Locked=true
PA6.Signal=OCTOSPIM_P1_IO3
PB2.Locked=true
PB2.Signal=OCTOSPIM_P1_CLK
PB5.Locked=true
PB5.Mode=FDCAN_Activate
PB5.Signal=FDCAN2_RX
PB6.Locked=true
PB6.Mode=FDCAN_Activate
PB6.Signal=FDCAN2_TX
PB8.Locked=true
PB8.Mode=FDCAN_Activate
PB8.Signal=FDCAN1_RX
PB9.Locked=true
PB9.Mode=FDCAN_Activate
PB9.Signal=FDCAN1_TX
PC0.GPIOParameters=GPIO_Label
PC0.GPIO_Label=LED4
PC0.Locked=true
PC0.Signal=GPIO_Output
PC10.Locked=true
PC10.Signal=OCTOSPIM_P1_IO1
PC14-OSC32_IN.Mode=LSE-External-Oscillator
PC14-OSC32_IN.Signal=RCC_OSC32_IN
PC15-OSC32_OUT.Mode=LSE-External-Oscillator
PC15-OSC32_OUT.Signal=RCC_OSC32_OUT
PC2_C.GPIOParameters=GPIO_Label
PC2_C.GPIO_Label=LED3
PC2_C.Locked=true
PC2_C.Signal=GPIO_Output
PC7.GPIOParameters=GPIO_Label
PC7.GPIO_Label=LED1
PC7.Locked=true
PC7.Signal=GPIO_Output
PC9.Locked=true
PC9.Signal=OCTOSPIM_P1_IO0
PD1.GPIOParameters=GPIO_Label,GPIO_ModeDefaultEXTI
PD1.GPIO_Label=KEY
PD1.GPIO_ModeDefaultEXTI=GPIO_MODE_IT_FALLING
PD1.Locked=true
PD1.Signal=GPXTI1
PD12.Mode=FDCAN_Activate
PD12.Signal=FDCAN3_RX
PD13.Mode=FDCAN_Activate
PD13.Signal=FDCAN3_TX
PD14.GPIOParameters=GPIO_Label
PD14.GPIO_Label=BUZZER
PD14.Locked=true
PD14.Signal=S_TIM4_CH3
PD15.GPIOParameters=GPIO_Label
PD15.GPIO_Label=LED2
PD15.Locked=true
PD15.Signal=GPIO_Output
PH0-OSC_IN.Mode=HSE-External-Oscillator
PH0-OSC_IN.Signal=RCC_OSC_IN
PH1-OSC_OUT.Mode=HSE-External-Oscillator
PH1-OSC_OUT.Signal=RCC_OSC_OUT
PinOutPanel.RotationAngle=0
ProjectManager.AskForMigrate=true
ProjectManager.BackupPrevious=false
ProjectManager.CompilerOptimize=6
ProjectManager.ComputerToolchain=false
ProjectManager.CoupleFile=true
ProjectManager.CustomerFirmwarePackage=
ProjectManager.DefaultFWLocation=true
ProjectManager.DeletePrevious=true
ProjectManager.DeviceId=STM32H730VBTx
ProjectManager.FirmwarePackage=STM32Cube FW_H7 V1.11.2
ProjectManager.FreePins=false
ProjectManager.HalAssertFull=false
ProjectManager.HeapSize=0x200
ProjectManager.KeepUserCode=true
ProjectManager.LastFirmware=true
ProjectManager.LibraryCopy=1
ProjectManager.MainLocation=Core/Src
ProjectManager.NoMain=false
ProjectManager.PreviousToolchain=STM32CubeIDE
ProjectManager.ProjectBuild=false
ProjectManager.ProjectFileName=STM32H730VBT6_CAN.ioc
ProjectManager.ProjectName=STM32H730VBT6_CAN
ProjectManager.ProjectStructure=
ProjectManager.RegisterCallBack=
ProjectManager.StackSize=0x400
ProjectManager.TargetToolchain=STM32CubeIDE
ProjectManager.ToolChainLocation=
ProjectManager.UAScriptAfterPath=
ProjectManager.UAScriptBeforePath=
ProjectManager.UnderRoot=true
ProjectManager.functionlistsort=1-SystemClock_Config-RCC-false-HAL-false,2-MX_GPIO_Init-GPIO-false-HAL-true,3-MX_TIM4_Init-TIM4-false-HAL-true,4-MX_FDCAN1_Init-FDCAN1-false-HAL-true,5-MX_FDCAN2_Init-FDCAN2-false-HAL-true,6-MX_FDCAN3_Init-FDCAN3-false-HAL-true,0-MX_CORTEX_M7_Init-CORTEX_M7-false-HAL-true
RCC.ADCFreq_Value=50390625
RCC.AHB12Freq_Value=275000000
RCC.AHB4Freq_Value=275000000
RCC.APB1Freq_Value=137500000
RCC.APB2Freq_Value=137500000
RCC.APB3Freq_Value=137500000
RCC.APB4Freq_Value=137500000
RCC.AXIClockFreq_Value=275000000
RCC.CECFreq_Value=32000
RCC.CKPERFreq_Value=64000000
RCC.CortexFreq_Value=550000000
RCC.CpuClockFreq_Value=550000000
RCC.D1CPREFreq_Value=550000000
RCC.D1PPRE=RCC_APB3_DIV2
RCC.D2PPRE1=RCC_APB1_DIV2
RCC.D2PPRE2=RCC_APB2_DIV2
RCC.D3PPRE=RCC_APB4_DIV2
RCC.DFSDMACLkFreq_Value=137500000
RCC.DFSDMFreq_Value=137500000
RCC.DIVM1=2
RCC.DIVN1=44
RCC.DIVP1=1
RCC.DIVP1Freq_Value=550000000
RCC.DIVP2Freq_Value=50390625
RCC.DIVP3Freq_Value=50390625
RCC.DIVQ1=4
RCC.DIVQ1Freq_Value=137500000
RCC.DIVQ2Freq_Value=50390625
RCC.DIVQ3Freq_Value=50390625
RCC.DIVR1Freq_Value=275000000
RCC.DIVR2Freq_Value=50390625
RCC.DIVR3Freq_Value=50390625
RCC.FDCANCLockSelection=RCC_FDCANCLKSOURCE_HSE
RCC.FDCANFreq_Value=25000000
RCC.FMCFreq_Value=275000000
RCC.FamilyName=M
RCC.HCLK3ClockFreq_Value=275000000
RCC.HCLKFreq_Value=275000000
RCC.HPRE=RCC_HCLK_DIV2
RCC.I2C123Freq_Value=137500000
RCC.I2C4Freq_Value=137500000
RCC.IPParameters=ADCFreq_Value,AHB12Freq_Value,AHB4Freq_Value,APB1Freq_Value,APB2Freq_Value,APB3Freq_Value,APB4Freq_Value,AXIClockFreq_Value,CECFreq_Value,CKPERFreq_Value,CortexFreq_Value,CpuClockFreq_Value,D1CPREFreq_Value,D1PPRE,D2PPRE1,D2PPRE2,D3PPRE,DFSDMACLkFreq_Value,DFSDMFreq_Value,DIVM1,DIVN1,DIVP1,DIVP1Freq_Value,DIVP2Freq_Value,DIVP3Freq_Value,DIVQ1,DIVQ1Freq_Value,DIVQ2Freq_Value,DIVQ3Freq_Value,DIVR1Freq_Value,DIVR2Freq_Value,DIVR3Freq_Value,FDCANCLockSelection,FDCANFreq_Value,FMCFreq_Value,FamilyName,HCLK3ClockFreq_Value,HCLKFreq_Value,HPRE,I2C123Freq_Value,I2C4Freq_Value,LPTIM1Freq_Value,LPTIM2Freq_Value,LPTIM345Freq_Value,LPUART1Freq_Value,LTDCFreq_Value,MCO1PinFreq_Value,MCO2PinFreq_Value,PLL2FRACN,PLL3FRACN,PLLFRACN,PLLSourceVirtual,QSPIFreq_Value,RNGFreq_Value,RTCFreq_Value,SAI1Freq_Value,SAI4AFreq_Value,SAI4BFreq_Value,SDMMCFreq_Value,SPDIFRXFreq_Value,SPI123Freq_Value,SPI45Freq_Value,SPI6Freq_Value,SWPMI1Freq_Value,SYSCLKFreq_VALUE,SYSCLKSource,Tim1OutputFreq_Value,Tim2OutputFreq_Value,TraceFreq_Value,USART16Freq_Value,USART234578Freq_Value,USBFreq_Value,VCO1OutputFreq_Value,VCO2OutputFreq_Value,VCO3OutputFreq_Value,VCOInput1Freq_Value,VCOInput2Freq_Value,VCOInput3Freq_Value
RCC.LPTIM1Freq_Value=137500000
RCC.LPTIM2Freq_Value=137500000
RCC.LPTIM345Freq_Value=137500000
RCC.LPUART1Freq_Value=137500000
RCC.LTDCFreq_Value=50390625
RCC.MCO1PinFreq_Value=64000000
RCC.MCO2PinFreq_Value=550000000
RCC.PLL2FRACN=0
RCC.PLL3FRACN=0
RCC.PLLFRACN=0
RCC.PLLSourceVirtual=RCC_PLLSOURCE_HSE
RCC.QSPIFreq_Value=275000000
RCC.RNGFreq_Value=48000000
RCC.RTCFreq_Value=32000
RCC.SAI1Freq_Value=137500000
RCC.SAI4AFreq_Value=137500000
RCC.SAI4BFreq_Value=137500000
RCC.SDMMCFreq_Value=137500000
RCC.SPDIFRXFreq_Value=137500000
RCC.SPI123Freq_Value=137500000
RCC.SPI45Freq_Value=137500000
RCC.SPI6Freq_Value=137500000
RCC.SWPMI1Freq_Value=137500000
RCC.SYSCLKFreq_VALUE=550000000
RCC.SYSCLKSource=RCC_SYSCLKSOURCE_PLLCLK
RCC.Tim1OutputFreq_Value=275000000
RCC.Tim2OutputFreq_Value=275000000
RCC.TraceFreq_Value=275000000
RCC.USART16Freq_Value=137500000
RCC.USART234578Freq_Value=137500000
RCC.USBFreq_Value=137500000
RCC.VCO1OutputFreq_Value=550000000
RCC.VCO2OutputFreq_Value=100781250
RCC.VCO3OutputFreq_Value=100781250
RCC.VCOInput1Freq_Value=12500000
RCC.VCOInput2Freq_Value=781250
RCC.VCOInput3Freq_Value=781250
SH.GPXTI1.0=GPIO_EXTI1
SH.GPXTI1.ConfNb=1
SH.S_TIM4_CH3.0=TIM4_CH3,PWM Generation3 CH3
SH.S_TIM4_CH3.ConfNb=1
TIM4.AutoReloadPreload=TIM_AUTORELOAD_PRELOAD_ENABLE
TIM4.Channel-PWM\ Generation3\ CH3=TIM_CHANNEL_3
TIM4.IPParameters=Channel-PWM Generation3 CH3,OCFastMode_PWM-PWM Generation3 CH3,AutoReloadPreload,Prescaler,Period
TIM4.OCFastMode_PWM-PWM\ Generation3\ CH3=TIM_OCFAST_ENABLE
TIM4.Period=10999
TIM4.Prescaler=49
VP_SYS_VS_Systick.Mode=SysTick
VP_SYS_VS_Systick.Signal=SYS_VS_Systick
board=custom
